{
  "name": "adsbold-labelcreator",
  "version": "1.3.0",
  "lockfileVersion": 1,
  "requires": true,
  "dependencies": {
    "canvas": {
      "version": "1.6.11",
      "resolved": "https://registry.npmjs.org/canvas/-/canvas-1.6.11.tgz",
      "integrity": "sha512-ElVw5Uk8PReGpzXfDg6PDa+wntnZLGWWfdSHI0Pc8GyXiFbW13drSTzWU6C4E5QylHe+FnLqI7ngMRlp3eGZIQ==",
      "requires": {
        "nan": "^2.10.0"
      }
    },
    "jsbarcode": {
      "version": "3.9.0",
      "resolved": "https://registry.npmjs.org/jsbarcode/-/jsbarcode-3.9.0.tgz",
      "integrity": "sha512-FWuQ+XJTvtF8urAjJCYxb14cA1QzItGj8Cw8Wnwii6KluWuPmmRbeP5G5Utbn7gy6yA+4vaaUg7GLii/dzXTBA=="
    },
    "nan": {
      "version": "2.11.0",
      "resolved": "https://registry.npmjs.org/nan/-/nan-2.11.0.tgz",
      "integrity": "sha512-F4miItu2rGnV2ySkXOQoA8FKz/SR2Q2sWP0sbTxNxz/tuokeC8WxOhPMcwi0qIyGtVn/rrSeLbvVkznqCdwYnw=="
    },
    "yaqrcode": {
      "version": "0.2.1",
      "resolved": "https://registry.npmjs.org/yaqrcode/-/yaqrcode-0.2.1.tgz",
      "integrity": "sha1-7xyzMgNJ9rO7MctoCjeouBS9itc="
    }
  }
}
